
Microsoft Visual Studio Solution File, Format Version 12.00
# Visual Studio Version 16
VisualStudioVersion = 16.0.30717.126
MinimumVisualStudioVersion = 10.0.40219.1
Project("{9A19103F-16F7-4668-BE54-9A1E7A4F7556}") = "Ticketing.Client", "Ticketing.Client\Ticketing.Client.csproj", "{7B91F23B-790B-486B-BEBA-EB1213474DB4}"
EndProject
Project("{FAE04EC0-301F-11D3-BF4B-00C04F79EFBC}") = "Ticketing.Helpers", "Ticketing.Helpers\Ticketing.Helpers.csproj", "{12DCFC8E-336B-4989-80EB-47A4AB58CFB4}"
EndProject
Global
	GlobalSection(SolutionConfigurationPlatforms) = preSolution
		Debug|Any CPU = Debug|Any CPU
		Release|Any CPU = Release|Any CPU
	EndGlobalSection
	GlobalSection(ProjectConfigurationPlatforms) = postSolution
		{7B91F23B-790B-486B-BEBA-EB1213474DB4}.Debug|Any CPU.ActiveCfg = Debug|Any CPU
		{7B91F23B-790B-486B-BEBA-EB1213474DB4}.Debug|Any CPU.Build.0 = Debug|Any CPU
		{7B91F23B-790B-486B-BEBA-EB1213474DB4}.Release|Any CPU.ActiveCfg = Release|Any CPU
		{7B91F23B-790B-486B-BEBA-EB1213474DB4}.Release|Any CPU.Build.0 = Release|Any CPU
		{12DCFC8E-336B-4989-80EB-47A4AB58CFB4}.Debug|Any CPU.ActiveCfg = Debug|Any CPU
		{12DCFC8E-336B-4989-80EB-47A4AB58CFB4}.Debug|Any CPU.Build.0 = Debug|Any CPU
		{12DCFC8E-336B-4989-80EB-47A4AB58CFB4}.Release|Any CPU.ActiveCfg = Release|Any CPU
		{12DCFC8E-336B-4989-80EB-47A4AB58CFB4}.Release|Any CPU.Build.0 = Release|Any CPU
	EndGlobalSection
	GlobalSection(SolutionProperties) = preSolution
		HideSolutionNode = FALSE
	EndGlobalSection
	GlobalSection(ExtensibilityGlobals) = postSolution
		SolutionGuid = {971BDB8E-3303-43DD-9B29-AC0124871D48}
	EndGlobalSection
EndGlobal
